
Microsoft Visual Studio Solution File, Format Version 12.00
# Visual Studio Version 16
VisualStudioVersion = 16.0.30503.244
MinimumVisualStudioVersion = 10.0.40219.1
Project("{FAE04EC0-301F-11D3-BF4B-00C04F79EFBC}") = "Visual_Sorting_Test", "Visual_Sorting_Test\Visual_Sorting_Test.csproj", "{B8A231E8-1DED-4E40-92BD-86478A071EC9}"
EndProject
Global
	GlobalSection(SolutionConfigurationPlatforms) = preSolution
		Debug|Any CPU = Debug|Any CPU
		Release|Any CPU = Release|Any CPU
	EndGlobalSection
	GlobalSection(ProjectConfigurationPlatforms) = postSolution
		{B8A231E8-1DED-4E40-92BD-86478A071EC9}.Debug|Any CPU.ActiveCfg = Debug|Any CPU
		{B8A231E8-1DED-4E40-92BD-86478A071EC9}.Debug|Any CPU.Build.0 = Debug|Any CPU
		{B8A231E8-1DED-4E40-92BD-86478A071EC9}.Release|Any CPU.ActiveCfg = Release|Any CPU
		{B8A231E8-1DED-4E40-92BD-86478A071EC9}.Release|Any CPU.Build.0 = Release|Any CPU
	EndGlobalSection
	GlobalSection(SolutionProperties) = preSolution
		HideSolutionNode = FALSE
	EndGlobalSection
	GlobalSection(ExtensibilityGlobals) = postSolution
		SolutionGuid = {98FB406F-96E8-4C21-A293-1FC61412328C}
	EndGlobalSection
EndGlobal
